schema: '2.0'
stages:
  preprocess:
    cmd: python src/preprocess.py
    deps:
    - path: data/raw/data.csv
      hash: md5
      md5: 739f3c9177b13d1c15aa060046cfb023
      size: 23872
    - path: src/preprocess.py
      hash: md5
      md5: cee3a0d5025654a1f0fcea0206b57510
      size: 536
    params:
      params.yaml:
        preprocess.input: data/raw/data.csv
        preprocess.output: data/preprocessed/data.csv
    outs:
    - path: data/preprocessed/data.csv
      hash: md5
      md5: 478f6c9945e87f23d6e32638adf17e50
      size: 23960
  train:
    cmd: python src/train.py
    deps:
    - path: data/raw/data.csv
      hash: md5
      md5: 739f3c9177b13d1c15aa060046cfb023
      size: 23872
    - path: src/train.py
      hash: md5
      md5: f00624d5ecc5dd69d49e8f674e1b7528
      size: 3238
    params:
      params.yaml:
        train.data: data/raw/data.csv
        train.max_depth: 5
        train.model: models/model.pkl
        train.n_estimators: 100
        train.random_state: 42
    outs:
    - path: models/model.pkl
      hash: md5
      md5: 6d90f467eec4ea45802f426f27a96eab
      size: 1303583
  evaluate:
    cmd: python src/evaluation.py
    deps:
    - path: data/raw/data.csv
      hash: md5
      md5: 739f3c9177b13d1c15aa060046cfb023
      size: 23872
    - path: models/model.pkl
      hash: md5
      md5: 6d90f467eec4ea45802f426f27a96eab
      size: 1303583
    - path: src/evaluation.py
      hash: md5
      md5: 88089baafef2d1b5c8ef6a55ab9f7e2a
      size: 910
